Microsoft Visual Studio Solution File, Format Version 12.00
# Visual Studio Version 17
VisualStudioVersion = 17.5.2.0
MinimumVisualStudioVersion = 10.0.40219.1
Project("{FAE04EC0-301F-11D3-BF4B-00C04F79EFBC}") = "Slots", "Slots.csproj", "{861D1BC6-4412-22AC-8C8A-CE0CBE9D3542}"
EndProject
Global
	GlobalSection(SolutionConfigurationPlatforms) = preSolution
		Debug|Any CPU = Debug|Any CPU
		Release|Any CPU = Release|Any CPU
	EndGlobalSection
	GlobalSection(ProjectConfigurationPlatforms) = postSolution
		{861D1BC6-4412-22AC-8C8A-CE0CBE9D3542}.Debug|Any CPU.ActiveCfg = Debug|Any CPU
		{861D1BC6-4412-22AC-8C8A-CE0CBE9D3542}.Debug|Any CPU.Build.0 = Debug|Any CPU
		{861D1BC6-4412-22AC-8C8A-CE0CBE9D3542}.Release|Any CPU.ActiveCfg = Release|Any CPU
		{861D1BC6-4412-22AC-8C8A-CE0CBE9D3542}.Release|Any CPU.Build.0 = Release|Any CPU
	EndGlobalSection
	GlobalSection(SolutionProperties) = preSolution
		HideSolutionNode = FALSE
	EndGlobalSection
	GlobalSection(ExtensibilityGlobals) = postSolution
		SolutionGuid = {36A980A7-7217-42FA-9394-47000F391161}
	EndGlobalSection
EndGlobal
